{
  "name": "worker",
  "version": "1.0.0",
  "lockfileVersion": 3,
  "requires": true,
  "packages": {
    "": {
      "name": "worker",
      "version": "1.0.0",
      "license": "ISC",
      "devDependencies": {
        "@cloudflare/workers-types": "^4.20260505.1"
      }
    },
    "node_modules/@cloudflare/workers-types": {
      "version": "4.20260505.1",
      "resolved": "https://registry.npmjs.org/@cloudflare/workers-types/-/workers-types-4.20260505.1.tgz",
      "integrity": "sha512-Uz9D2hcwB4/pdnmCU7RsgknY8TQ5st0cQMMN6h/hvWt1TCt99GUkbi6dMgWdP7jXfIfh+S/EI5zQugI9RZn4Bw==",
      "dev": true,
      "license": "MIT OR Apache-2.0"
    }
  }
}
